
Microsoft Visual Studio Solution File, Format Version 12.00
# Visual Studio Version 17
VisualStudioVersion = 17.9.34701.34
MinimumVisualStudioVersion = 10.0.40219.1
Project("{FAE04EC0-301F-11D3-BF4B-00C04F79EFBC}") = "APIDemo", "APIDemo\APIDemo.csproj", "{0CF915C7-702E-40FE-8B43-1B83D00BAC2E}"
EndProject
Global
	GlobalSection(SolutionConfigurationPlatforms) = preSolution
		Debug|Any CPU = Debug|Any CPU
		Release|Any CPU = Release|Any CPU
	EndGlobalSection
	GlobalSection(ProjectConfigurationPlatforms) = postSolution
		{0CF915C7-702E-40FE-8B43-1B83D00BAC2E}.Debug|Any CPU.ActiveCfg = Debug|Any CPU
		{0CF915C7-702E-40FE-8B43-1B83D00BAC2E}.Debug|Any CPU.Build.0 = Debug|Any CPU
		{0CF915C7-702E-40FE-8B43-1B83D00BAC2E}.Release|Any CPU.ActiveCfg = Release|Any CPU
		{0CF915C7-702E-40FE-8B43-1B83D00BAC2E}.Release|Any CPU.Build.0 = Release|Any CPU
	EndGlobalSection
	GlobalSection(SolutionProperties) = preSolution
		HideSolutionNode = FALSE
	EndGlobalSection
	GlobalSection(ExtensibilityGlobals) = postSolution
		SolutionGuid = {1113AB6D-9E31-400C-8CCB-B410465B0D72}
	EndGlobalSection
EndGlobal
